
Microsoft Visual Studio Solution File, Format Version 12.00
# Visual Studio Version 17
VisualStudioVersion = 17.3.32825.248
MinimumVisualStudioVersion = 10.0.40219.1
Project("{8BC9CEB8-8B4A-11D0-8D11-00A0C91BC942}") = "class_Pet", "class_Pet\class_Pet.vcxproj", "{79124C97-50CE-4704-B450-5DFF25138C05}"
EndProject
Global
	GlobalSection(SolutionConfigurationPlatforms) = preSolution
		Debug|x64 = Debug|x64
		Debug|x86 = Debug|x86
		Release|x64 = Release|x64
		Release|x86 = Release|x86
	EndGlobalSection
	GlobalSection(ProjectConfigurationPlatforms) = postSolution
		{79124C97-50CE-4704-B450-5DFF25138C05}.Debug|x64.ActiveCfg = Debug|x64
		{79124C97-50CE-4704-B450-5DFF25138C05}.Debug|x64.Build.0 = Debug|x64
		{79124C97-50CE-4704-B450-5DFF25138C05}.Debug|x86.ActiveCfg = Debug|Win32
		{79124C97-50CE-4704-B450-5DFF25138C05}.Debug|x86.Build.0 = Debug|Win32
		{79124C97-50CE-4704-B450-5DFF25138C05}.Release|x64.ActiveCfg = Release|x64
		{79124C97-50CE-4704-B450-5DFF25138C05}.Release|x64.Build.0 = Release|x64
		{79124C97-50CE-4704-B450-5DFF25138C05}.Release|x86.ActiveCfg = Release|Win32
		{79124C97-50CE-4704-B450-5DFF25138C05}.Release|x86.Build.0 = Release|Win32
	EndGlobalSection
	GlobalSection(SolutionProperties) = preSolution
		HideSolutionNode = FALSE
	EndGlobalSection
	GlobalSection(ExtensibilityGlobals) = postSolution
		SolutionGuid = {B1462762-30ED-4B46-9D0F-D29A39FED0F3}
	EndGlobalSection
EndGlobal
